
Microsoft Visual Studio Solution File, Format Version 12.00
# Visual Studio 15
Project("{FAE04EC0-301F-11D3-BF4B-00C04F79EFBC}") = "UnityEngine.UI", "UnityEngine.UI.csproj", "{D505B097-7908-B306-37F0-921BAB269950}"
EndProject
Project("{FAE04EC0-301F-11D3-BF4B-00C04F79EFBC}") = "Unity.RenderPipelines.Core.Runtime", "Unity.RenderPipelines.Core.Runtime.csproj", "{47598C5F-0378-B493-69F5-CDB3E556C120}"
EndProject
Project("{FAE04EC0-301F-11D3-BF4B-00C04F79EFBC}") = "UnityEngine.TestRunner", "UnityEngine.TestRunner.csproj", "{44976B0C-268F-192F-95DB-8BD3AF15961F}"
EndProject
Project("{FAE04EC0-301F-11D3-BF4B-00C04F79EFBC}") = "Unity.Mathematics", "Unity.Mathematics.csproj", "{87C3A2B2-E831-251A-B634-FA3E341A13E7}"
EndProject
Project("{FAE04EC0-301F-11D3-BF4B-00C04F79EFBC}") = "Unity.InputSystem", "Unity.InputSystem.csproj", "{06909D13-9F54-0502-3C94-111ED04B79E7}"
EndProject
Project("{FAE04EC0-301F-11D3-BF4B-00C04F79EFBC}") = "Unity.RenderPipelines.Universal.Runtime", "Unity.RenderPipelines.Universal.Runtime.csproj", "{847B00C5-0AFB-2FBD-6E5B-E45CE017B3D8}"
EndProject
Project("{FAE04EC0-301F-11D3-BF4B-00C04F79EFBC}") = "Unity.Postprocessing.Runtime", "Unity.Postprocessing.Runtime.csproj", "{F17F0B1A-FB80-FE71-EC71-8B422ED934B1}"
EndProject
Project("{FAE04EC0-301F-11D3-BF4B-00C04F79EFBC}") = "Assembly-CSharp", "Assembly-CSharp.csproj", "{A5FD3D3B-680A-81AD-E11F-727283AD17E0}"
EndProject
Project("{FAE04EC0-301F-11D3-BF4B-00C04F79EFBC}") = "Unity.2D.Animation.Runtime", "Unity.2D.Animation.Runtime.csproj", "{9E256D56-96AE-524F-9C94-E0B67CF37A86}"
EndProject
Project("{FAE04EC0-301F-11D3-BF4B-00C04F79EFBC}") = "Unity.TextMeshPro", "Unity.TextMeshPro.csproj", "{4885D507-1F1C-B1F0-C49E-0F2EDA4DFF79}"
EndProject
Project("{FAE04EC0-301F-11D3-BF4B-00C04F79EFBC}") = "Cinemachine", "Cinemachine.csproj", "{8E0C1019-805E-E92B-0793-5E02F147982E}"
EndProject
Project("{FAE04EC0-301F-11D3-BF4B-00C04F79EFBC}") = "Unity.Timeline", "Unity.Timeline.csproj", "{1E882259-E021-B209-388A-657348C4505F}"
EndProject
Project("{FAE04EC0-301F-11D3-BF4B-00C04F79EFBC}") = "Unity.2D.SpriteShape.Runtime", "Unity.2D.SpriteShape.Runtime.csproj", "{526E27BC-37FB-6887-2890-99491E161D31}"
EndProject
Project("{FAE04EC0-301F-11D3-BF4B-00C04F79EFBC}") = "Unity.2D.Animation.Triangle.Runtime", "Unity.2D.Animation.Triangle.Runtime.csproj", "{212C8A80-A071-0D27-5D71-D220BF4FEBFD}"
EndProject
Project("{FAE04EC0-301F-11D3-BF4B-00C04F79EFBC}") = "Unity.2D.PixelPerfect", "Unity.2D.PixelPerfect.csproj", "{4F7E19D8-912A-FD27-CB41-1872D910ED74}"
EndProject
Project("{FAE04EC0-301F-11D3-BF4B-00C04F79EFBC}") = "Unity.2D.IK.Runtime", "Unity.2D.IK.Runtime.csproj", "{14A70033-9704-EE99-77F5-06ECBC34CD7E}"
EndProject
Project("{FAE04EC0-301F-11D3-BF4B-00C04F79EFBC}") = "Unity.2D.Common.Runtime", "Unity.2D.Common.Runtime.csproj", "{8A18A6C2-D2C4-318E-608F-1C3E2D1E9A5A}"
EndProject
Project("{FAE04EC0-301F-11D3-BF4B-00C04F79EFBC}") = "Unity.RenderPipelines.Core.ShaderLibrary", "Unity.RenderPipelines.Core.ShaderLibrary.csproj", "{49B9FDE3-1F06-EFEB-3C97-6AF23D51734B}"
EndProject
Project("{FAE04EC0-301F-11D3-BF4B-00C04F79EFBC}") = "Unity.InternalAPIEngineBridge.001", "Unity.InternalAPIEngineBridge.001.csproj", "{3883A097-43FE-DC34-D1A4-3CA2F7D7CA56}"
EndProject
Project("{FAE04EC0-301F-11D3-BF4B-00C04F79EFBC}") = "Unity.RenderPipeline.Universal.ShaderLibrary", "Unity.RenderPipeline.Universal.ShaderLibrary.csproj", "{0780C336-F056-F1BC-3125-3C958CF71F97}"
EndProject
Project("{FAE04EC0-301F-11D3-BF4B-00C04F79EFBC}") = "Unity.RenderPipelines.Universal.Shaders", "Unity.RenderPipelines.Universal.Shaders.csproj", "{B6833F71-1DE8-7210-A673-85BBACF55CAD}"
EndProject
Project("{FAE04EC0-301F-11D3-BF4B-00C04F79EFBC}") = "Unity.RenderPipelines.ShaderGraph.ShaderGraphLibrary", "Unity.RenderPipelines.ShaderGraph.ShaderGraphLibrary.csproj", "{ED25C055-51C0-2239-B840-FADAD14A7BAD}"
EndProject
Project("{FAE04EC0-301F-11D3-BF4B-00C04F79EFBC}") = "Unity.PlasticSCM.Editor", "Unity.PlasticSCM.Editor.csproj", "{ACA0069C-1EDC-DFDA-0E2D-5F876CAD3A82}"
EndProject
Project("{FAE04EC0-301F-11D3-BF4B-00C04F79EFBC}") = "Unity.ShaderGraph.Editor", "Unity.ShaderGraph.Editor.csproj", "{A0A31486-ADE3-87C4-5F7E-F5DF3139DAB5}"
EndProject
Project("{FAE04EC0-301F-11D3-BF4B-00C04F79EFBC}") = "Unity.VisualStudio.Editor", "Unity.VisualStudio.Editor.csproj", "{0FB85C1A-01AD-16E6-91D9-9630FF2243ED}"
EndProject
Project("{FAE04EC0-301F-11D3-BF4B-00C04F79EFBC}") = "Unity.Timeline.Editor", "Unity.Timeline.Editor.csproj", "{BA328C00-151C-F257-DE0A-0DCF80BC92A4}"
EndProject
Project("{FAE04EC0-301F-11D3-BF4B-00C04F79EFBC}") = "com.unity.cinemachine.editor", "com.unity.cinemachine.editor.csproj", "{DD497A51-2F58-F1FB-4A90-3D450591E573}"
EndProject
Project("{FAE04EC0-301F-11D3-BF4B-00C04F79EFBC}") = "Unity.TextMeshPro.Editor", "Unity.TextMeshPro.Editor.csproj", "{F1B0B0E2-EBFE-B87B-3E88-BD0D98E46FD1}"
EndProject
Project("{FAE04EC0-301F-11D3-BF4B-00C04F79EFBC}") = "Unity.2D.Animation.Editor", "Unity.2D.Animation.Editor.csproj", "{EBF288DF-B6CE-12F3-F2B6-70F06D133095}"
EndProject
Project("{FAE04EC0-301F-11D3-BF4B-00C04F79EFBC}") = "Unity.CollabProxy.Editor", "Unity.CollabProxy.Editor.csproj", "{80637D9A-143E-AA4C-A4DA-642795D28469}"
EndProject
Project("{FAE04EC0-301F-11D3-BF4B-00C04F79EFBC}") = "Unity.Postprocessing.Editor", "Unity.Postprocessing.Editor.csproj", "{56CCD081-7B9C-579A-3F86-B04EBD0087CE}"
EndProject
Project("{FAE04EC0-301F-11D3-BF4B-00C04F79EFBC}") = "UnityEditor.TestRunner", "UnityEditor.TestRunner.csproj", "{C51BC769-FF7C-0D19-D274-ABB622AD473F}"
EndProject
Project("{FAE04EC0-301F-11D3-BF4B-00C04F79EFBC}") = "Unity.Rider.Editor", "Unity.Rider.Editor.csproj", "{767C379D-365B-75E1-E88E-3A52DEBCCE87}"
EndProject
Project("{FAE04EC0-301F-11D3-BF4B-00C04F79EFBC}") = "Unity.2D.Path.Editor", "Unity.2D.Path.Editor.csproj", "{3709C1B0-D417-50AF-A593-68A9D308519F}"
EndProject
Project("{FAE04EC0-301F-11D3-BF4B-00C04F79EFBC}") = "Unity.RenderPipelines.Universal.Editor", "Unity.RenderPipelines.Universal.Editor.csproj", "{AC4A95BF-FB7F-7DE2-A653-B03FFAD2DF41}"
EndProject
Project("{FAE04EC0-301F-11D3-BF4B-00C04F79EFBC}") = "Unity.Services.Core.Editor", "Unity.Services.Core.Editor.csproj", "{350A9CF5-D7BC-2E77-9D97-052D18BEE0A9}"
EndProject
Project("{FAE04EC0-301F-11D3-BF4B-00C04F79EFBC}") = "PsdPlugin", "PsdPlugin.csproj", "{92D1A54F-0912-017F-9965-9F2C46AA6488}"
EndProject
Project("{FAE04EC0-301F-11D3-BF4B-00C04F79EFBC}") = "Unity.RenderPipelines.Core.Editor", "Unity.RenderPipelines.Core.Editor.csproj", "{46365FCF-60AE-FF7E-1AFE-486C80964928}"
EndProject
Project("{FAE04EC0-301F-11D3-BF4B-00C04F79EFBC}") = "Unity.Searcher.Editor", "Unity.Searcher.Editor.csproj", "{D71AB9A9-CFB0-7938-4D55-54FB9077B0D5}"
EndProject
Project("{FAE04EC0-301F-11D3-BF4B-00C04F79EFBC}") = "Unity.2D.IK.Editor", "Unity.2D.IK.Editor.csproj", "{DB57A3CB-3956-9939-8025-A3549659EA4E}"
EndProject
Project("{FAE04EC0-301F-11D3-BF4B-00C04F79EFBC}") = "Unity.2D.Psdimporter.Editor", "Unity.2D.Psdimporter.Editor.csproj", "{E068B0E8-F12F-7976-6110-9FADA59FEE70}"
EndProject
Project("{FAE04EC0-301F-11D3-BF4B-00C04F79EFBC}") = "Unity.2D.SpriteShape.Editor", "Unity.2D.SpriteShape.Editor.csproj", "{F57639F4-1EB0-EC06-B3E3-2C5CD6449413}"
EndProject
Project("{FAE04EC0-301F-11D3-BF4B-00C04F79EFBC}") = "Unity.2D.Tilemap.Editor", "Unity.2D.Tilemap.Editor.csproj", "{0C76F7C6-9B48-56E9-BB19-FC36020B0E46}"
EndProject
Project("{FAE04EC0-301F-11D3-BF4B-00C04F79EFBC}") = "Unity.2D.PixelPerfect.Editor", "Unity.2D.PixelPerfect.Editor.csproj", "{846EDB1B-C3B2-CD70-49FA-590A841F0494}"
EndProject
Project("{FAE04EC0-301F-11D3-BF4B-00C04F79EFBC}") = "Unity.VSCode.Editor", "Unity.VSCode.Editor.csproj", "{575DF94B-16D3-E6B9-967F-041D7BF2F16F}"
EndProject
Project("{FAE04EC0-301F-11D3-BF4B-00C04F79EFBC}") = "Unity.2D.Sprite.Editor", "Unity.2D.Sprite.Editor.csproj", "{A7F50F1E-076B-C118-178D-8A9A3CE529DD}"
EndProject
Project("{FAE04EC0-301F-11D3-BF4B-00C04F79EFBC}") = "UnityEditor.UI", "UnityEditor.UI.csproj", "{A821D2E0-5D8E-C522-ECF3-3566EC29256D}"
EndProject
Project("{FAE04EC0-301F-11D3-BF4B-00C04F79EFBC}") = "Unity.Mathematics.Editor", "Unity.Mathematics.Editor.csproj", "{EBD39A76-B519-76AE-B6D3-E5B40C835F95}"
EndProject
Project("{FAE04EC0-301F-11D3-BF4B-00C04F79EFBC}") = "Unity.2D.Common.Editor", "Unity.2D.Common.Editor.csproj", "{D71AE85F-621F-561B-CDD0-ABE0E1266BF8}"
EndProject
Project("{FAE04EC0-301F-11D3-BF4B-00C04F79EFBC}") = "Assembly-CSharp-Editor", "Assembly-CSharp-Editor.csproj", "{C23C7B18-731A-F4D7-A056-CB864E2938CB}"
EndProject
Project("{FAE04EC0-301F-11D3-BF4B-00C04F79EFBC}") = "Unity.InternalAPIEditorBridge.001", "Unity.InternalAPIEditorBridge.001.csproj", "{A8CEB8A1-7124-E82B-32F7-CB85728EF3E2}"
EndProject
Project("{FAE04EC0-301F-11D3-BF4B-00C04F79EFBC}") = "Unity.ShaderGraph.Utilities", "Unity.ShaderGraph.Utilities.csproj", "{58618641-16D1-A994-729C-39FCBBD97A2C}"
EndProject
Project("{FAE04EC0-301F-11D3-BF4B-00C04F79EFBC}") = "UnityEngine.UI", "UnityEngine.UI.Player.csproj", "{2090DC9A-988D-EC3A-0C6E-8E9AFE457357}"
EndProject
Project("{FAE04EC0-301F-11D3-BF4B-00C04F79EFBC}") = "Unity.RenderPipelines.Core.Runtime", "Unity.RenderPipelines.Core.Runtime.Player.csproj", "{1B52A920-59BA-E9CE-12BC-CB7EDB85D7FB}"
EndProject
Project("{FAE04EC0-301F-11D3-BF4B-00C04F79EFBC}") = "UnityEngine.TestRunner", "UnityEngine.TestRunner.Player.csproj", "{BAC01D86-07C2-C833-105B-FA0C7E900328}"
EndProject
Project("{FAE04EC0-301F-11D3-BF4B-00C04F79EFBC}") = "Unity.Mathematics", "Unity.Mathematics.Player.csproj", "{DCDF7761-AAC1-B4AD-97C6-41A0383E34CD}"
EndProject
Project("{FAE04EC0-301F-11D3-BF4B-00C04F79EFBC}") = "Unity.InputSystem", "Unity.InputSystem.Player.csproj", "{587FDF4D-6A96-1104-57D1-9D418B4BF170}"
EndProject
Project("{FAE04EC0-301F-11D3-BF4B-00C04F79EFBC}") = "Unity.RenderPipelines.Universal.Runtime", "Unity.RenderPipelines.Universal.Runtime.Player.csproj", "{DFB34D51-77E6-608B-6390-20D9B3F082C0}"
EndProject
Project("{FAE04EC0-301F-11D3-BF4B-00C04F79EFBC}") = "Unity.Postprocessing.Runtime", "Unity.Postprocessing.Runtime.Player.csproj", "{9CCB9445-F3CB-C777-68F3-E0408BB8446E}"
EndProject
Project("{FAE04EC0-301F-11D3-BF4B-00C04F79EFBC}") = "Assembly-CSharp", "Assembly-CSharp.Player.csproj", "{E5946816-8967-4B99-B26A-12ADB94D5A85}"
EndProject
Project("{FAE04EC0-301F-11D3-BF4B-00C04F79EFBC}") = "Unity.2D.Animation.Runtime", "Unity.2D.Animation.Runtime.Player.csproj", "{15BC8FF5-415C-6506-2196-E2621E047DEC}"
EndProject
Project("{FAE04EC0-301F-11D3-BF4B-00C04F79EFBC}") = "Unity.TextMeshPro", "Unity.TextMeshPro.Player.csproj", "{2E8162E7-4245-D07F-911E-A5C5A20C1013}"
EndProject
Project("{FAE04EC0-301F-11D3-BF4B-00C04F79EFBC}") = "Cinemachine", "Cinemachine.Player.csproj", "{9CBE777B-A5FB-E0D0-E4CA-90185A6968F7}"
EndProject
Project("{FAE04EC0-301F-11D3-BF4B-00C04F79EFBC}") = "Unity.Timeline", "Unity.Timeline.Player.csproj", "{C2B81441-2309-6C70-A61E-6FD695AD07F0}"
EndProject
Project("{FAE04EC0-301F-11D3-BF4B-00C04F79EFBC}") = "Unity.2D.SpriteShape.Runtime", "Unity.2D.SpriteShape.Runtime.Player.csproj", "{3AF3E974-8148-A5F0-1A3A-EB8D0C217B71}"
EndProject
Project("{FAE04EC0-301F-11D3-BF4B-00C04F79EFBC}") = "Unity.2D.Animation.Triangle.Runtime", "Unity.2D.Animation.Triangle.Runtime.Player.csproj", "{28CA5F71-5C75-847A-6C85-66AB493AADA5}"
EndProject
Project("{FAE04EC0-301F-11D3-BF4B-00C04F79EFBC}") = "Unity.2D.PixelPerfect", "Unity.2D.PixelPerfect.Player.csproj", "{19FCDB72-55B9-1142-6035-9D7870F8D85C}"
EndProject
Project("{FAE04EC0-301F-11D3-BF4B-00C04F79EFBC}") = "Unity.2D.IK.Runtime", "Unity.2D.IK.Runtime.Player.csproj", "{05BBB978-3AF6-F798-31C4-65707340832D}"
EndProject
Project("{FAE04EC0-301F-11D3-BF4B-00C04F79EFBC}") = "Unity.2D.Common.Runtime", "Unity.2D.Common.Runtime.Player.csproj", "{2CD573BB-EFBE-478D-D475-A713357165ED}"
EndProject
Project("{FAE04EC0-301F-11D3-BF4B-00C04F79EFBC}") = "Unity.RenderPipelines.Core.ShaderLibrary", "Unity.RenderPipelines.Core.ShaderLibrary.Player.csproj", "{00466B05-4E08-61DA-EC4E-E9B377CAACDD}"
EndProject
Project("{FAE04EC0-301F-11D3-BF4B-00C04F79EFBC}") = "Unity.InternalAPIEngineBridge.001", "Unity.InternalAPIEngineBridge.001.Player.csproj", "{C61890A0-B085-5791-EC98-40F0F458FB84}"
EndProject
Project("{FAE04EC0-301F-11D3-BF4B-00C04F79EFBC}") = "Unity.RenderPipeline.Universal.ShaderLibrary", "Unity.RenderPipeline.Universal.ShaderLibrary.Player.csproj", "{6D9D35CE-FB0F-DF29-F48C-EDBB97C30366}"
EndProject
Project("{FAE04EC0-301F-11D3-BF4B-00C04F79EFBC}") = "Unity.RenderPipelines.Universal.Shaders", "Unity.RenderPipelines.Universal.Shaders.Player.csproj", "{B546861D-8EA1-49FD-538A-FF1BC7411A6A}"
EndProject
Project("{FAE04EC0-301F-11D3-BF4B-00C04F79EFBC}") = "Unity.RenderPipelines.ShaderGraph.ShaderGraphLibrary", "Unity.RenderPipelines.ShaderGraph.ShaderGraphLibrary.Player.csproj", "{1C18694F-CA9A-47E0-F59B-52AB5F3A5795}"
EndProject
Global
	GlobalSection(SolutionConfigurationPlatforms) = preSolution
		Debug|Any CPU = Debug|Any CPU
		Release|Any CPU = Release|Any CPU
	EndGlobalSection
	GlobalSection(ProjectConfigurationPlatforms) = postSolution
		{D505B097-7908-B306-37F0-921BAB269950}.Debug|Any CPU.ActiveCfg = Debug|Any CPU
		{D505B097-7908-B306-37F0-921BAB269950}.Debug|Any CPU.Build.0 = Debug|Any CPU
		{D505B097-7908-B306-37F0-921BAB269950}.Release|Any CPU.ActiveCfg = Release|Any CPU
		{D505B097-7908-B306-37F0-921BAB269950}.Release|Any CPU.Build.0 = Release|Any CPU
		{47598C5F-0378-B493-69F5-CDB3E556C120}.Debug|Any CPU.ActiveCfg = Debug|Any CPU
		{47598C5F-0378-B493-69F5-CDB3E556C120}.Debug|Any CPU.Build.0 = Debug|Any CPU
		{47598C5F-0378-B493-69F5-CDB3E556C120}.Release|Any CPU.ActiveCfg = Release|Any CPU
		{47598C5F-0378-B493-69F5-CDB3E556C120}.Release|Any CPU.Build.0 = Release|Any CPU
		{44976B0C-268F-192F-95DB-8BD3AF15961F}.Debug|Any CPU.ActiveCfg = Debug|Any CPU
		{44976B0C-268F-192F-95DB-8BD3AF15961F}.Debug|Any CPU.Build.0 = Debug|Any CPU
		{44976B0C-268F-192F-95DB-8BD3AF15961F}.Release|Any CPU.ActiveCfg = Release|Any CPU
		{44976B0C-268F-192F-95DB-8BD3AF15961F}.Release|Any CPU.Build.0 = Release|Any CPU
		{87C3A2B2-E831-251A-B634-FA3E341A13E7}.Debug|Any CPU.ActiveCfg = Debug|Any CPU
		{87C3A2B2-E831-251A-B634-FA3E341A13E7}.Debug|Any CPU.Build.0 = Debug|Any CPU
		{87C3A2B2-E831-251A-B634-FA3E341A13E7}.Release|Any CPU.ActiveCfg = Release|Any CPU
		{87C3A2B2-E831-251A-B634-FA3E341A13E7}.Release|Any CPU.Build.0 = Release|Any CPU
		{06909D13-9F54-0502-3C94-111ED04B79E7}.Debug|Any CPU.ActiveCfg = Debug|Any CPU
		{06909D13-9F54-0502-3C94-111ED04B79E7}.Debug|Any CPU.Build.0 = Debug|Any CPU
		{06909D13-9F54-0502-3C94-111ED04B79E7}.Release|Any CPU.ActiveCfg = Release|Any CPU
		{06909D13-9F54-0502-3C94-111ED04B79E7}.Release|Any CPU.Build.0 = Release|Any CPU
		{847B00C5-0AFB-2FBD-6E5B-E45CE017B3D8}.Debug|Any CPU.ActiveCfg = Debug|Any CPU
		{847B00C5-0AFB-2FBD-6E5B-E45CE017B3D8}.Debug|Any CPU.Build.0 = Debug|Any CPU
		{847B00C5-0AFB-2FBD-6E5B-E45CE017B3D8}.Release|Any CPU.ActiveCfg = Release|Any CPU
		{847B00C5-0AFB-2FBD-6E5B-E45CE017B3D8}.Release|Any CPU.Build.0 = Release|Any CPU
		{F17F0B1A-FB80-FE71-EC71-8B422ED934B1}.Debug|Any CPU.ActiveCfg = Debug|Any CPU
		{F17F0B1A-FB80-FE71-EC71-8B422ED934B1}.Debug|Any CPU.Build.0 = Debug|Any CPU
		{F17F0B1A-FB80-FE71-EC71-8B422ED934B1}.Release|Any CPU.ActiveCfg = Release|Any CPU
		{F17F0B1A-FB80-FE71-EC71-8B422ED934B1}.Release|Any CPU.Build.0 = Release|Any CPU
		{A5FD3D3B-680A-81AD-E11F-727283AD17E0}.Debug|Any CPU.ActiveCfg = Debug|Any CPU
		{A5FD3D3B-680A-81AD-E11F-727283AD17E0}.Debug|Any CPU.Build.0 = Debug|Any CPU
		{A5FD3D3B-680A-81AD-E11F-727283AD17E0}.Release|Any CPU.ActiveCfg = Release|Any CPU
		{A5FD3D3B-680A-81AD-E11F-727283AD17E0}.Release|Any CPU.Build.0 = Release|Any CPU
		{9E256D56-96AE-524F-9C94-E0B67CF37A86}.Debug|Any CPU.ActiveCfg = Debug|Any CPU
		{9E256D56-96AE-524F-9C94-E0B67CF37A86}.Debug|Any CPU.Build.0 = Debug|Any CPU
		{9E256D56-96AE-524F-9C94-E0B67CF37A86}.Release|Any CPU.ActiveCfg = Release|Any CPU
		{9E256D56-96AE-524F-9C94-E0B67CF37A86}.Release|Any CPU.Build.0 = Release|Any CPU
		{4885D507-1F1C-B1F0-C49E-0F2EDA4DFF79}.Debug|Any CPU.ActiveCfg = Debug|Any CPU
		{4885D507-1F1C-B1F0-C49E-0F2EDA4DFF79}.Debug|Any CPU.Build.0 = Debug|Any CPU
		{4885D507-1F1C-B1F0-C49E-0F2EDA4DFF79}.Release|Any CPU.ActiveCfg = Release|Any CPU
		{4885D507-1F1C-B1F0-C49E-0F2EDA4DFF79}.Release|Any CPU.Build.0 = Release|Any CPU
		{8E0C1019-805E-E92B-0793-5E02F147982E}.Debug|Any CPU.ActiveCfg = Debug|Any CPU
		{8E0C1019-805E-E92B-0793-5E02F147982E}.Debug|Any CPU.Build.0 = Debug|Any CPU
		{8E0C1019-805E-E92B-0793-5E02F147982E}.Release|Any CPU.ActiveCfg = Release|Any CPU
		{8E0C1019-805E-E92B-0793-5E02F147982E}.Release|Any CPU.Build.0 = Release|Any CPU
		{1E882259-E021-B209-388A-657348C4505F}.Debug|Any CPU.ActiveCfg = Debug|Any CPU
		{1E882259-E021-B209-388A-657348C4505F}.Debug|Any CPU.Build.0 = Debug|Any CPU
		{1E882259-E021-B209-388A-657348C4505F}.Release|Any CPU.ActiveCfg = Release|Any CPU
		{1E882259-E021-B209-388A-657348C4505F}.Release|Any CPU.Build.0 = Release|Any CPU
		{526E27BC-37FB-6887-2890-99491E161D31}.Debug|Any CPU.ActiveCfg = Debug|Any CPU
		{526E27BC-37FB-6887-2890-99491E161D31}.Debug|Any CPU.Build.0 = Debug|Any CPU
		{526E27BC-37FB-6887-2890-99491E161D31}.Release|Any CPU.ActiveCfg = Release|Any CPU
		{526E27BC-37FB-6887-2890-99491E161D31}.Release|Any CPU.Build.0 = Release|Any CPU
		{212C8A80-A071-0D27-5D71-D220BF4FEBFD}.Debug|Any CPU.ActiveCfg = Debug|Any CPU
		{212C8A80-A071-0D27-5D71-D220BF4FEBFD}.Debug|Any CPU.Build.0 = Debug|Any CPU
		{212C8A80-A071-0D27-5D71-D220BF4FEBFD}.Release|Any CPU.ActiveCfg = Release|Any CPU
		{212C8A80-A071-0D27-5D71-D220BF4FEBFD}.Release|Any CPU.Build.0 = Release|Any CPU
		{4F7E19D8-912A-FD27-CB41-1872D910ED74}.Debug|Any CPU.ActiveCfg = Debug|Any CPU
		{4F7E19D8-912A-FD27-CB41-1872D910ED74}.Debug|Any CPU.Build.0 = Debug|Any CPU
		{4F7E19D8-912A-FD27-CB41-1872D910ED74}.Release|Any CPU.ActiveCfg = Release|Any CPU
		{4F7E19D8-912A-FD27-CB41-1872D910ED74}.Release|Any CPU.Build.0 = Release|Any CPU
		{14A70033-9704-EE99-77F5-06ECBC34CD7E}.Debug|Any CPU.ActiveCfg = Debug|Any CPU
		{14A70033-9704-EE99-77F5-06ECBC34CD7E}.Debug|Any CPU.Build.0 = Debug|Any CPU
		{14A70033-9704-EE99-77F5-06ECBC34CD7E}.Release|Any CPU.ActiveCfg = Release|Any CPU
		{14A70033-9704-EE99-77F5-06ECBC34CD7E}.Release|Any CPU.Build.0 = Release|Any CPU
		{8A18A6C2-D2C4-318E-608F-1C3E2D1E9A5A}.Debug|Any CPU.ActiveCfg = Debug|Any CPU
		{8A18A6C2-D2C4-318E-608F-1C3E2D1E9A5A}.Debug|Any CPU.Build.0 = Debug|Any CPU
		{8A18A6C2-D2C4-318E-608F-1C3E2D1E9A5A}.Release|Any CPU.ActiveCfg = Release|Any CPU
		{8A18A6C2-D2C4-318E-608F-1C3E2D1E9A5A}.Release|Any CPU.Build.0 = Release|Any CPU
		{49B9FDE3-1F06-EFEB-3C97-6AF23D51734B}.Debug|Any CPU.ActiveCfg = Debug|Any CPU
		{49B9FDE3-1F06-EFEB-3C97-6AF23D51734B}.Debug|Any CPU.Build.0 = Debug|Any CPU
		{49B9FDE3-1F06-EFEB-3C97-6AF23D51734B}.Release|Any CPU.ActiveCfg = Release|Any CPU
		{49B9FDE3-1F06-EFEB-3C97-6AF23D51734B}.Release|Any CPU.Build.0 = Release|Any CPU
		{3883A097-43FE-DC34-D1A4-3CA2F7D7CA56}.Debug|Any CPU.ActiveCfg = Debug|Any CPU
		{3883A097-43FE-DC34-D1A4-3CA2F7D7CA56}.Debug|Any CPU.Build.0 = Debug|Any CPU
		{3883A097-43FE-DC34-D1A4-3CA2F7D7CA56}.Release|Any CPU.ActiveCfg = Release|Any CPU
		{3883A097-43FE-DC34-D1A4-3CA2F7D7CA56}.Release|Any CPU.Build.0 = Release|Any CPU
		{0780C336-F056-F1BC-3125-3C958CF71F97}.Debug|Any CPU.ActiveCfg = Debug|Any CPU
		{0780C336-F056-F1BC-3125-3C958CF71F97}.Debug|Any CPU.Build.0 = Debug|Any CPU
		{0780C336-F056-F1BC-3125-3C958CF71F97}.Release|Any CPU.ActiveCfg = Release|Any CPU
		{0780C336-F056-F1BC-3125-3C958CF71F97}.Release|Any CPU.Build.0 = Release|Any CPU
		{B6833F71-1DE8-7210-A673-85BBACF55CAD}.Debug|Any CPU.ActiveCfg = Debug|Any CPU
		{B6833F71-1DE8-7210-A673-85BBACF55CAD}.Debug|Any CPU.Build.0 = Debug|Any CPU
		{B6833F71-1DE8-7210-A673-85BBACF55CAD}.Release|Any CPU.ActiveCfg = Release|Any CPU
		{B6833F71-1DE8-7210-A673-85BBACF55CAD}.Release|Any CPU.Build.0 = Release|Any CPU
		{ED25C055-51C0-2239-B840-FADAD14A7BAD}.Debug|Any CPU.ActiveCfg = Debug|Any CPU
		{ED25C055-51C0-2239-B840-FADAD14A7BAD}.Debug|Any CPU.Build.0 = Debug|Any CPU
		{ED25C055-51C0-2239-B840-FADAD14A7BAD}.Release|Any CPU.ActiveCfg = Release|Any CPU
		{ED25C055-51C0-2239-B840-FADAD14A7BAD}.Release|Any CPU.Build.0 = Release|Any CPU
		{ACA0069C-1EDC-DFDA-0E2D-5F876CAD3A82}.Debug|Any CPU.ActiveCfg = Debug|Any CPU
		{ACA0069C-1EDC-DFDA-0E2D-5F876CAD3A82}.Debug|Any CPU.Build.0 = Debug|Any CPU
		{ACA0069C-1EDC-DFDA-0E2D-5F876CAD3A82}.Release|Any CPU.ActiveCfg = Release|Any CPU
		{ACA0069C-1EDC-DFDA-0E2D-5F876CAD3A82}.Release|Any CPU.Build.0 = Release|Any CPU
		{A0A31486-ADE3-87C4-5F7E-F5DF3139DAB5}.Debug|Any CPU.ActiveCfg = Debug|Any CPU
		{A0A31486-ADE3-87C4-5F7E-F5DF3139DAB5}.Debug|Any CPU.Build.0 = Debug|Any CPU
		{A0A31486-ADE3-87C4-5F7E-F5DF3139DAB5}.Release|Any CPU.ActiveCfg = Release|Any CPU
		{A0A31486-ADE3-87C4-5F7E-F5DF3139DAB5}.Release|Any CPU.Build.0 = Release|Any CPU
		{0FB85C1A-01AD-16E6-91D9-9630FF2243ED}.Debug|Any CPU.ActiveCfg = Debug|Any CPU
		{0FB85C1A-01AD-16E6-91D9-9630FF2243ED}.Debug|Any CPU.Build.0 = Debug|Any CPU
		{0FB85C1A-01AD-16E6-91D9-9630FF2243ED}.Release|Any CPU.ActiveCfg = Release|Any CPU
		{0FB85C1A-01AD-16E6-91D9-9630FF2243ED}.Release|Any CPU.Build.0 = Release|Any CPU
		{BA328C00-151C-F257-DE0A-0DCF80BC92A4}.Debug|Any CPU.ActiveCfg = Debug|Any CPU
		{BA328C00-151C-F257-DE0A-0DCF80BC92A4}.Debug|Any CPU.Build.0 = Debug|Any CPU
		{BA328C00-151C-F257-DE0A-0DCF80BC92A4}.Release|Any CPU.ActiveCfg = Release|Any CPU
		{BA328C00-151C-F257-DE0A-0DCF80BC92A4}.Release|Any CPU.Build.0 = Release|Any CPU
		{DD497A51-2F58-F1FB-4A90-3D450591E573}.Debug|Any CPU.ActiveCfg = Debug|Any CPU
		{DD497A51-2F58-F1FB-4A90-3D450591E573}.Debug|Any CPU.Build.0 = Debug|Any CPU
		{DD497A51-2F58-F1FB-4A90-3D450591E573}.Release|Any CPU.ActiveCfg = Release|Any CPU
		{DD497A51-2F58-F1FB-4A90-3D450591E573}.Release|Any CPU.Build.0 = Release|Any CPU
		{F1B0B0E2-EBFE-B87B-3E88-BD0D98E46FD1}.Debug|Any CPU.ActiveCfg = Debug|Any CPU
		{F1B0B0E2-EBFE-B87B-3E88-BD0D98E46FD1}.Debug|Any CPU.Build.0 = Debug|Any CPU
		{F1B0B0E2-EBFE-B87B-3E88-BD0D98E46FD1}.Release|Any CPU.ActiveCfg = Release|Any CPU
		{F1B0B0E2-EBFE-B87B-3E88-BD0D98E46FD1}.Release|Any CPU.Build.0 = Release|Any CPU
		{EBF288DF-B6CE-12F3-F2B6-70F06D133095}.Debug|Any CPU.ActiveCfg = Debug|Any CPU
		{EBF288DF-B6CE-12F3-F2B6-70F06D133095}.Debug|Any CPU.Build.0 = Debug|Any CPU
		{EBF288DF-B6CE-12F3-F2B6-70F06D133095}.Release|Any CPU.ActiveCfg = Release|Any CPU
		{EBF288DF-B6CE-12F3-F2B6-70F06D133095}.Release|Any CPU.Build.0 = Release|Any CPU
		{80637D9A-143E-AA4C-A4DA-642795D28469}.Debug|Any CPU.ActiveCfg = Debug|Any CPU
		{80637D9A-143E-AA4C-A4DA-642795D28469}.Debug|Any CPU.Build.0 = Debug|Any CPU
		{80637D9A-143E-AA4C-A4DA-642795D28469}.Release|Any CPU.ActiveCfg = Release|Any CPU
		{80637D9A-143E-AA4C-A4DA-642795D28469}.Release|Any CPU.Build.0 = Release|Any CPU
		{56CCD081-7B9C-579A-3F86-B04EBD0087CE}.Debug|Any CPU.ActiveCfg = Debug|Any CPU
		{56CCD081-7B9C-579A-3F86-B04EBD0087CE}.Debug|Any CPU.Build.0 = Debug|Any CPU
		{56CCD081-7B9C-579A-3F86-B04EBD0087CE}.Release|Any CPU.ActiveCfg = Release|Any CPU
		{56CCD081-7B9C-579A-3F86-B04EBD0087CE}.Release|Any CPU.Build.0 = Release|Any CPU
		{C51BC769-FF7C-0D19-D274-ABB622AD473F}.Debug|Any CPU.ActiveCfg = Debug|Any CPU
		{C51BC769-FF7C-0D19-D274-ABB622AD473F}.Debug|Any CPU.Build.0 = Debug|Any CPU
		{C51BC769-FF7C-0D19-D274-ABB622AD473F}.Release|Any CPU.ActiveCfg = Release|Any CPU
		{C51BC769-FF7C-0D19-D274-ABB622AD473F}.Release|Any CPU.Build.0 = Release|Any CPU
		{767C379D-365B-75E1-E88E-3A52DEBCCE87}.Debug|Any CPU.ActiveCfg = Debug|Any CPU
		{767C379D-365B-75E1-E88E-3A52DEBCCE87}.Debug|Any CPU.Build.0 = Debug|Any CPU
		{767C379D-365B-75E1-E88E-3A52DEBCCE87}.Release|Any CPU.ActiveCfg = Release|Any CPU
		{767C379D-365B-75E1-E88E-3A52DEBCCE87}.Release|Any CPU.Build.0 = Release|Any CPU
		{3709C1B0-D417-50AF-A593-68A9D308519F}.Debug|Any CPU.ActiveCfg = Debug|Any CPU
		{3709C1B0-D417-50AF-A593-68A9D308519F}.Debug|Any CPU.Build.0 = Debug|Any CPU
		{3709C1B0-D417-50AF-A593-68A9D308519F}.Release|Any CPU.ActiveCfg = Release|Any CPU
		{3709C1B0-D417-50AF-A593-68A9D308519F}.Release|Any CPU.Build.0 = Release|Any CPU
		{AC4A95BF-FB7F-7DE2-A653-B03FFAD2DF41}.Debug|Any CPU.ActiveCfg = Debug|Any CPU
		{AC4A95BF-FB7F-7DE2-A653-B03FFAD2DF41}.Debug|Any CPU.Build.0 = Debug|Any CPU
		{AC4A95BF-FB7F-7DE2-A653-B03FFAD2DF41}.Release|Any CPU.ActiveCfg = Release|Any CPU
		{AC4A95BF-FB7F-7DE2-A653-B03FFAD2DF41}.Release|Any CPU.Build.0 = Release|Any CPU
		{350A9CF5-D7BC-2E77-9D97-052D18BEE0A9}.Debug|Any CPU.ActiveCfg = Debug|Any CPU
		{350A9CF5-D7BC-2E77-9D97-052D18BEE0A9}.Debug|Any CPU.Build.0 = Debug|Any CPU
		{350A9CF5-D7BC-2E77-9D97-052D18BEE0A9}.Release|Any CPU.ActiveCfg = Release|Any CPU
		{350A9CF5-D7BC-2E77-9D97-052D18BEE0A9}.Release|Any CPU.Build.0 = Release|Any CPU
		{92D1A54F-0912-017F-9965-9F2C46AA6488}.Debug|Any CPU.ActiveCfg = Debug|Any CPU
		{92D1A54F-0912-017F-9965-9F2C46AA6488}.Debug|Any CPU.Build.0 = Debug|Any CPU
		{92D1A54F-0912-017F-9965-9F2C46AA6488}.Release|Any CPU.ActiveCfg = Release|Any CPU
		{92D1A54F-0912-017F-9965-9F2C46AA6488}.Release|Any CPU.Build.0 = Release|Any CPU
		{46365FCF-60AE-FF7E-1AFE-486C80964928}.Debug|Any CPU.ActiveCfg = Debug|Any CPU
		{46365FCF-60AE-FF7E-1AFE-486C80964928}.Debug|Any CPU.Build.0 = Debug|Any CPU
		{46365FCF-60AE-FF7E-1AFE-486C80964928}.Release|Any CPU.ActiveCfg = Release|Any CPU
		{46365FCF-60AE-FF7E-1AFE-486C80964928}.Release|Any CPU.Build.0 = Release|Any CPU
		{D71AB9A9-CFB0-7938-4D55-54FB9077B0D5}.Debug|Any CPU.ActiveCfg = Debug|Any CPU
		{D71AB9A9-CFB0-7938-4D55-54FB9077B0D5}.Debug|Any CPU.Build.0 = Debug|Any CPU
		{D71AB9A9-CFB0-7938-4D55-54FB9077B0D5}.Release|Any CPU.ActiveCfg = Release|Any CPU
		{D71AB9A9-CFB0-7938-4D55-54FB9077B0D5}.Release|Any CPU.Build.0 = Release|Any CPU
		{DB57A3CB-3956-9939-8025-A3549659EA4E}.Debug|Any CPU.ActiveCfg = Debug|Any CPU
		{DB57A3CB-3956-9939-8025-A3549659EA4E}.Debug|Any CPU.Build.0 = Debug|Any CPU
		{DB57A3CB-3956-9939-8025-A3549659EA4E}.Release|Any CPU.ActiveCfg = Release|Any CPU
		{DB57A3CB-3956-9939-8025-A3549659EA4E}.Release|Any CPU.Build.0 = Release|Any CPU
		{E068B0E8-F12F-7976-6110-9FADA59FEE70}.Debug|Any CPU.ActiveCfg = Debug|Any CPU
		{E068B0E8-F12F-7976-6110-9FADA59FEE70}.Debug|Any CPU.Build.0 = Debug|Any CPU
		{E068B0E8-F12F-7976-6110-9FADA59FEE70}.Release|Any CPU.ActiveCfg = Release|Any CPU
		{E068B0E8-F12F-7976-6110-9FADA59FEE70}.Release|Any CPU.Build.0 = Release|Any CPU
		{F57639F4-1EB0-EC06-B3E3-2C5CD6449413}.Debug|Any CPU.ActiveCfg = Debug|Any CPU
		{F57639F4-1EB0-EC06-B3E3-2C5CD6449413}.Debug|Any CPU.Build.0 = Debug|Any CPU
		{F57639F4-1EB0-EC06-B3E3-2C5CD6449413}.Release|Any CPU.ActiveCfg = Release|Any CPU
		{F57639F4-1EB0-EC06-B3E3-2C5CD6449413}.Release|Any CPU.Build.0 = Release|Any CPU
		{0C76F7C6-9B48-56E9-BB19-FC36020B0E46}.Debug|Any CPU.ActiveCfg = Debug|Any CPU
		{0C76F7C6-9B48-56E9-BB19-FC36020B0E46}.Debug|Any CPU.Build.0 = Debug|Any CPU
		{0C76F7C6-9B48-56E9-BB19-FC36020B0E46}.Release|Any CPU.ActiveCfg = Release|Any CPU
		{0C76F7C6-9B48-56E9-BB19-FC36020B0E46}.Release|Any CPU.Build.0 = Release|Any CPU
		{846EDB1B-C3B2-CD70-49FA-590A841F0494}.Debug|Any CPU.ActiveCfg = Debug|Any CPU
		{846EDB1B-C3B2-CD70-49FA-590A841F0494}.Debug|Any CPU.Build.0 = Debug|Any CPU
		{846EDB1B-C3B2-CD70-49FA-590A841F0494}.Release|Any CPU.ActiveCfg = Release|Any CPU
		{846EDB1B-C3B2-CD70-49FA-590A841F0494}.Release|Any CPU.Build.0 = Release|Any CPU
		{575DF94B-16D3-E6B9-967F-041D7BF2F16F}.Debug|Any CPU.ActiveCfg = Debug|Any CPU
		{575DF94B-16D3-E6B9-967F-041D7BF2F16F}.Debug|Any CPU.Build.0 = Debug|Any CPU
		{575DF94B-16D3-E6B9-967F-041D7BF2F16F}.Release|Any CPU.ActiveCfg = Release|Any CPU
		{575DF94B-16D3-E6B9-967F-041D7BF2F16F}.Release|Any CPU.Build.0 = Release|Any CPU
		{A7F50F1E-076B-C118-178D-8A9A3CE529DD}.Debug|Any CPU.ActiveCfg = Debug|Any CPU
		{A7F50F1E-076B-C118-178D-8A9A3CE529DD}.Debug|Any CPU.Build.0 = Debug|Any CPU
		{A7F50F1E-076B-C118-178D-8A9A3CE529DD}.Release|Any CPU.ActiveCfg = Release|Any CPU
		{A7F50F1E-076B-C118-178D-8A9A3CE529DD}.Release|Any CPU.Build.0 = Release|Any CPU
		{A821D2E0-5D8E-C522-ECF3-3566EC29256D}.Debug|Any CPU.ActiveCfg = Debug|Any CPU
		{A821D2E0-5D8E-C522-ECF3-3566EC29256D}.Debug|Any CPU.Build.0 = Debug|Any CPU
		{A821D2E0-5D8E-C522-ECF3-3566EC29256D}.Release|Any CPU.ActiveCfg = Release|Any CPU
		{A821D2E0-5D8E-C522-ECF3-3566EC29256D}.Release|Any CPU.Build.0 = Release|Any CPU
		{EBD39A76-B519-76AE-B6D3-E5B40C835F95}.Debug|Any CPU.ActiveCfg = Debug|Any CPU
		{EBD39A76-B519-76AE-B6D3-E5B40C835F95}.Debug|Any CPU.Build.0 = Debug|Any CPU
		{EBD39A76-B519-76AE-B6D3-E5B40C835F95}.Release|Any CPU.ActiveCfg = Release|Any CPU
		{EBD39A76-B519-76AE-B6D3-E5B40C835F95}.Release|Any CPU.Build.0 = Release|Any CPU
		{D71AE85F-621F-561B-CDD0-ABE0E1266BF8}.Debug|Any CPU.ActiveCfg = Debug|Any CPU
		{D71AE85F-621F-561B-CDD0-ABE0E1266BF8}.Debug|Any CPU.Build.0 = Debug|Any CPU
		{D71AE85F-621F-561B-CDD0-ABE0E1266BF8}.Release|Any CPU.ActiveCfg = Release|Any CPU
		{D71AE85F-621F-561B-CDD0-ABE0E1266BF8}.Release|Any CPU.Build.0 = Release|Any CPU
		{C23C7B18-731A-F4D7-A056-CB864E2938CB}.Debug|Any CPU.ActiveCfg = Debug|Any CPU
		{C23C7B18-731A-F4D7-A056-CB864E2938CB}.Debug|Any CPU.Build.0 = Debug|Any CPU
		{C23C7B18-731A-F4D7-A056-CB864E2938CB}.Release|Any CPU.ActiveCfg = Release|Any CPU
		{C23C7B18-731A-F4D7-A056-CB864E2938CB}.Release|Any CPU.Build.0 = Release|Any CPU
		{A8CEB8A1-7124-E82B-32F7-CB85728EF3E2}.Debug|Any CPU.ActiveCfg = Debug|Any CPU
		{A8CEB8A1-7124-E82B-32F7-CB85728EF3E2}.Debug|Any CPU.Build.0 = Debug|Any CPU
		{A8CEB8A1-7124-E82B-32F7-CB85728EF3E2}.Release|Any CPU.ActiveCfg = Release|Any CPU
		{A8CEB8A1-7124-E82B-32F7-CB85728EF3E2}.Release|Any CPU.Build.0 = Release|Any CPU
		{58618641-16D1-A994-729C-39FCBBD97A2C}.Debug|Any CPU.ActiveCfg = Debug|Any CPU
		{58618641-16D1-A994-729C-39FCBBD97A2C}.Debug|Any CPU.Build.0 = Debug|Any CPU
		{58618641-16D1-A994-729C-39FCBBD97A2C}.Release|Any CPU.ActiveCfg = Release|Any CPU
		{58618641-16D1-A994-729C-39FCBBD97A2C}.Release|Any CPU.Build.0 = Release|Any CPU
		{2090DC9A-988D-EC3A-0C6E-8E9AFE457357}.Debug|Any CPU.ActiveCfg = Debug|Any CPU
		{2090DC9A-988D-EC3A-0C6E-8E9AFE457357}.Debug|Any CPU.Build.0 = Debug|Any CPU
		{2090DC9A-988D-EC3A-0C6E-8E9AFE457357}.Release|Any CPU.ActiveCfg = Release|Any CPU
		{2090DC9A-988D-EC3A-0C6E-8E9AFE457357}.Release|Any CPU.Build.0 = Release|Any CPU
		{1B52A920-59BA-E9CE-12BC-CB7EDB85D7FB}.Debug|Any CPU.ActiveCfg = Debug|Any CPU
		{1B52A920-59BA-E9CE-12BC-CB7EDB85D7FB}.Debug|Any CPU.Build.0 = Debug|Any CPU
		{1B52A920-59BA-E9CE-12BC-CB7EDB85D7FB}.Release|Any CPU.ActiveCfg = Release|Any CPU
		{1B52A920-59BA-E9CE-12BC-CB7EDB85D7FB}.Release|Any CPU.Build.0 = Release|Any CPU
		{BAC01D86-07C2-C833-105B-FA0C7E900328}.Debug|Any CPU.ActiveCfg = Debug|Any CPU
		{BAC01D86-07C2-C833-105B-FA0C7E900328}.Debug|Any CPU.Build.0 = Debug|Any CPU
		{BAC01D86-07C2-C833-105B-FA0C7E900328}.Release|Any CPU.ActiveCfg = Release|Any CPU
		{BAC01D86-07C2-C833-105B-FA0C7E900328}.Release|Any CPU.Build.0 = Release|Any CPU
		{DCDF7761-AAC1-B4AD-97C6-41A0383E34CD}.Debug|Any CPU.ActiveCfg = Debug|Any CPU
		{DCDF7761-AAC1-B4AD-97C6-41A0383E34CD}.Debug|Any CPU.Build.0 = Debug|Any CPU
		{DCDF7761-AAC1-B4AD-97C6-41A0383E34CD}.Release|Any CPU.ActiveCfg = Release|Any CPU
		{DCDF7761-AAC1-B4AD-97C6-41A0383E34CD}.Release|Any CPU.Build.0 = Release|Any CPU
		{587FDF4D-6A96-1104-57D1-9D418B4BF170}.Debug|Any CPU.ActiveCfg = Debug|Any CPU
		{587FDF4D-6A96-1104-57D1-9D418B4BF170}.Debug|Any CPU.Build.0 = Debug|Any CPU
		{587FDF4D-6A96-1104-57D1-9D418B4BF170}.Release|Any CPU.ActiveCfg = Release|Any CPU
		{587FDF4D-6A96-1104-57D1-9D418B4BF170}.Release|Any CPU.Build.0 = Release|Any CPU
		{DFB34D51-77E6-608B-6390-20D9B3F082C0}.Debug|Any CPU.ActiveCfg = Debug|Any CPU
		{DFB34D51-77E6-608B-6390-20D9B3F082C0}.Debug|Any CPU.Build.0 = Debug|Any CPU
		{DFB34D51-77E6-608B-6390-20D9B3F082C0}.Release|Any CPU.ActiveCfg = Release|Any CPU
		{DFB34D51-77E6-608B-6390-20D9B3F082C0}.Release|Any CPU.Build.0 = Release|Any CPU
		{9CCB9445-F3CB-C777-68F3-E0408BB8446E}.Debug|Any CPU.ActiveCfg = Debug|Any CPU
		{9CCB9445-F3CB-C777-68F3-E0408BB8446E}.Debug|Any CPU.Build.0 = Debug|Any CPU
		{9CCB9445-F3CB-C777-68F3-E0408BB8446E}.Release|Any CPU.ActiveCfg = Release|Any CPU
		{9CCB9445-F3CB-C777-68F3-E0408BB8446E}.Release|Any CPU.Build.0 = Release|Any CPU
		{E5946816-8967-4B99-B26A-12ADB94D5A85}.Debug|Any CPU.ActiveCfg = Debug|Any CPU
		{E5946816-8967-4B99-B26A-12ADB94D5A85}.Debug|Any CPU.Build.0 = Debug|Any CPU
		{E5946816-8967-4B99-B26A-12ADB94D5A85}.Release|Any CPU.ActiveCfg = Release|Any CPU
		{E5946816-8967-4B99-B26A-12ADB94D5A85}.Release|Any CPU.Build.0 = Release|Any CPU
		{15BC8FF5-415C-6506-2196-E2621E047DEC}.Debug|Any CPU.ActiveCfg = Debug|Any CPU
		{15BC8FF5-415C-6506-2196-E2621E047DEC}.Debug|Any CPU.Build.0 = Debug|Any CPU
		{15BC8FF5-415C-6506-2196-E2621E047DEC}.Release|Any CPU.ActiveCfg = Release|Any CPU
		{15BC8FF5-415C-6506-2196-E2621E047DEC}.Release|Any CPU.Build.0 = Release|Any CPU
		{2E8162E7-4245-D07F-911E-A5C5A20C1013}.Debug|Any CPU.ActiveCfg = Debug|Any CPU
		{2E8162E7-4245-D07F-911E-A5C5A20C1013}.Debug|Any CPU.Build.0 = Debug|Any CPU
		{2E8162E7-4245-D07F-911E-A5C5A20C1013}.Release|Any CPU.ActiveCfg = Release|Any CPU
		{2E8162E7-4245-D07F-911E-A5C5A20C1013}.Release|Any CPU.Build.0 = Release|Any CPU
		{9CBE777B-A5FB-E0D0-E4CA-90185A6968F7}.Debug|Any CPU.ActiveCfg = Debug|Any CPU
		{9CBE777B-A5FB-E0D0-E4CA-90185A6968F7}.Debug|Any CPU.Build.0 = Debug|Any CPU
		{9CBE777B-A5FB-E0D0-E4CA-90185A6968F7}.Release|Any CPU.ActiveCfg = Release|Any CPU
		{9CBE777B-A5FB-E0D0-E4CA-90185A6968F7}.Release|Any CPU.Build.0 = Release|Any CPU
		{C2B81441-2309-6C70-A61E-6FD695AD07F0}.Debug|Any CPU.ActiveCfg = Debug|Any CPU
		{C2B81441-2309-6C70-A61E-6FD695AD07F0}.Debug|Any CPU.Build.0 = Debug|Any CPU
		{C2B81441-2309-6C70-A61E-6FD695AD07F0}.Release|Any CPU.ActiveCfg = Release|Any CPU
		{C2B81441-2309-6C70-A61E-6FD695AD07F0}.Release|Any CPU.Build.0 = Release|Any CPU
		{3AF3E974-8148-A5F0-1A3A-EB8D0C217B71}.Debug|Any CPU.ActiveCfg = Debug|Any CPU
		{3AF3E974-8148-A5F0-1A3A-EB8D0C217B71}.Debug|Any CPU.Build.0 = Debug|Any CPU
		{3AF3E974-8148-A5F0-1A3A-EB8D0C217B71}.Release|Any CPU.ActiveCfg = Release|Any CPU
		{3AF3E974-8148-A5F0-1A3A-EB8D0C217B71}.Release|Any CPU.Build.0 = Release|Any CPU
		{28CA5F71-5C75-847A-6C85-66AB493AADA5}.Debug|Any CPU.ActiveCfg = Debug|Any CPU
		{28CA5F71-5C75-847A-6C85-66AB493AADA5}.Debug|Any CPU.Build.0 = Debug|Any CPU
		{28CA5F71-5C75-847A-6C85-66AB493AADA5}.Release|Any CPU.ActiveCfg = Release|Any CPU
		{28CA5F71-5C75-847A-6C85-66AB493AADA5}.Release|Any CPU.Build.0 = Release|Any CPU
		{19FCDB72-55B9-1142-6035-9D7870F8D85C}.Debug|Any CPU.ActiveCfg = Debug|Any CPU
		{19FCDB72-55B9-1142-6035-9D7870F8D85C}.Debug|Any CPU.Build.0 = Debug|Any CPU
		{19FCDB72-55B9-1142-6035-9D7870F8D85C}.Release|Any CPU.ActiveCfg = Release|Any CPU
		{19FCDB72-55B9-1142-6035-9D7870F8D85C}.Release|Any CPU.Build.0 = Release|Any CPU
		{05BBB978-3AF6-F798-31C4-65707340832D}.Debug|Any CPU.ActiveCfg = Debug|Any CPU
		{05BBB978-3AF6-F798-31C4-65707340832D}.Debug|Any CPU.Build.0 = Debug|Any CPU
		{05BBB978-3AF6-F798-31C4-65707340832D}.Release|Any CPU.ActiveCfg = Release|Any CPU
		{05BBB978-3AF6-F798-31C4-65707340832D}.Release|Any CPU.Build.0 = Release|Any CPU
		{2CD573BB-EFBE-478D-D475-A713357165ED}.Debug|Any CPU.ActiveCfg = Debug|Any CPU
		{2CD573BB-EFBE-478D-D475-A713357165ED}.Debug|Any CPU.Build.0 = Debug|Any CPU
		{2CD573BB-EFBE-478D-D475-A713357165ED}.Release|Any CPU.ActiveCfg = Release|Any CPU
		{2CD573BB-EFBE-478D-D475-A713357165ED}.Release|Any CPU.Build.0 = Release|Any CPU
		{00466B05-4E08-61DA-EC4E-E9B377CAACDD}.Debug|Any CPU.ActiveCfg = Debug|Any CPU
		{00466B05-4E08-61DA-EC4E-E9B377CAACDD}.Debug|Any CPU.Build.0 = Debug|Any CPU
		{00466B05-4E08-61DA-EC4E-E9B377CAACDD}.Release|Any CPU.ActiveCfg = Release|Any CPU
		{00466B05-4E08-61DA-EC4E-E9B377CAACDD}.Release|Any CPU.Build.0 = Release|Any CPU
		{C61890A0-B085-5791-EC98-40F0F458FB84}.Debug|Any CPU.ActiveCfg = Debug|Any CPU
		{C61890A0-B085-5791-EC98-40F0F458FB84}.Debug|Any CPU.Build.0 = Debug|Any CPU
		{C61890A0-B085-5791-EC98-40F0F458FB84}.Release|Any CPU.ActiveCfg = Release|Any CPU
		{C61890A0-B085-5791-EC98-40F0F458FB84}.Release|Any CPU.Build.0 = Release|Any CPU
		{6D9D35CE-FB0F-DF29-F48C-EDBB97C30366}.Debug|Any CPU.ActiveCfg = Debug|Any CPU
		{6D9D35CE-FB0F-DF29-F48C-EDBB97C30366}.Debug|Any CPU.Build.0 = Debug|Any CPU
		{6D9D35CE-FB0F-DF29-F48C-EDBB97C30366}.Release|Any CPU.ActiveCfg = Release|Any CPU
		{6D9D35CE-FB0F-DF29-F48C-EDBB97C30366}.Release|Any CPU.Build.0 = Release|Any CPU
		{B546861D-8EA1-49FD-538A-FF1BC7411A6A}.Debug|Any CPU.ActiveCfg = Debug|Any CPU
		{B546861D-8EA1-49FD-538A-FF1BC7411A6A}.Debug|Any CPU.Build.0 = Debug|Any CPU
		{B546861D-8EA1-49FD-538A-FF1BC7411A6A}.Release|Any CPU.ActiveCfg = Release|Any CPU
		{B546861D-8EA1-49FD-538A-FF1BC7411A6A}.Release|Any CPU.Build.0 = Release|Any CPU
		{1C18694F-CA9A-47E0-F59B-52AB5F3A5795}.Debug|Any CPU.ActiveCfg = Debug|Any CPU
		{1C18694F-CA9A-47E0-F59B-52AB5F3A5795}.Debug|Any CPU.Build.0 = Debug|Any CPU
		{1C18694F-CA9A-47E0-F59B-52AB5F3A5795}.Release|Any CPU.ActiveCfg = Release|Any CPU
		{1C18694F-CA9A-47E0-F59B-52AB5F3A5795}.Release|Any CPU.Build.0 = Release|Any CPU
	EndGlobalSection
	GlobalSection(SolutionProperties) = preSolution
		HideSolutionNode = FALSE
	EndGlobalSection
EndGlobal
